// !$*UTF8*$!
{
	archiveVersion = 1;
	classes = {
	};
	objectVersion = 56;
	objects = {

/* Begin PBXBuildFile section */
		077D0C902AAC3FE900594A0A /* AppDelegate.swift in Sources */ = {isa = PBXBuildFile; fileRef = 077D0C8F2AAC3FE900594A0A /* AppDelegate.swift */; };
		077D0C922AAC3FE900594A0A /* SceneDelegate.swift in Sources */ = {isa = PBXBuildFile; fileRef = 077D0C912AAC3FE900594A0A /* SceneDelegate.swift */; };
		077D0C942AAC3FE900594A0A /* ViewController.swift in Sources */ = {isa = PBXBuildFile; fileRef = 077D0C932AAC3FE900594A0A /* ViewController.swift */; };
		077D0C972AAC3FE900594A0A /* Main.storyboard in Resources */ = {isa = PBXBuildFile; fileRef = 077D0C952AAC3FE900594A0A /* Main.storyboard */; };
		077D0C992AAC3FEA00594A0A /* Assets.xcassets in Resources */ = {isa = PBXBuildFile; fileRef = 077D0C982AAC3FEA00594A0A /* Assets.xcassets */; };
		077D0C9C2AAC3FEA00594A0A /* LaunchScreen.storyboard in Resources */ = {isa = PBXBuildFile; fileRef = 077D0C9A2AAC3FEA00594A0A /* LaunchScreen.storyboard */; };
		077D0CA52AAC419900594A0A /* FirebaseAuth in Frameworks */ = {isa = PBXBuildFile; productRef = 077D0CA42AAC419900594A0A /* FirebaseAuth */; };
		077D0CA72AAC419900594A0A /* FirebaseAuthCombine-Community in Frameworks */ = {isa = PBXBuildFile; productRef = 077D0CA62AAC419900594A0A /* FirebaseAuthCombine-Community */; };
		077D0CA92AAC419900594A0A /* FirebaseDatabase in Frameworks */ = {isa = PBXBuildFile; productRef = 077D0CA82AAC419900594A0A /* FirebaseDatabase */; };
		077D0CAB2AAC419900594A0A /* FirebaseDatabaseSwift in Frameworks */ = {isa = PBXBuildFile; productRef = 077D0CAA2AAC419900594A0A /* FirebaseDatabaseSwift */; };
		077D0CAD2AAC419900594A0A /* FirebaseFirestore in Frameworks */ = {isa = PBXBuildFile; productRef = 077D0CAC2AAC419900594A0A /* FirebaseFirestore */; };
		077D0CAF2AAC419900594A0A /* FirebaseFirestoreCombine-Community in Frameworks */ = {isa = PBXBuildFile; productRef = 077D0CAE2AAC419900594A0A /* FirebaseFirestoreCombine-Community */; };
		077D0CB12AAC419900594A0A /* FirebaseStorage in Frameworks */ = {isa = PBXBuildFile; productRef = 077D0CB02AAC419900594A0A /* FirebaseStorage */; };
		077D0CB32AAC463B00594A0A /* uchidenokoduchi_eto01_nedumi.png in Resources */ = {isa = PBXBuildFile; fileRef = 077D0CB22AAC463B00594A0A /* uchidenokoduchi_eto01_nedumi.png */; };
		077D0CB52AAC4AA000594A0A /* GoogleService-Info.plist in Resources */ = {isa = PBXBuildFile; fileRef = 077D0CB42AAC4A9F00594A0A /* GoogleService-Info.plist */; };
		D375E69E7C1B64D9748C32E8 /* Pods_ieie.framework in Frameworks */ = {isa = PBXBuildFile; fileRef = 6F917B4C72023FB6EAA77D57 /* Pods_ieie.framework */; };
/* End PBXBuildFile section */

/* Begin PBXFileReference section */
		077D0C8C2AAC3FE900594A0A /* ieie.app */ = {isa = PBXFileReference; explicitFileType = wrapper.application; includeInIndex = 0; path = ieie.app; sourceTree = BUILT_PRODUCTS_DIR; };
		077D0C8F2AAC3FE900594A0A /* AppDelegate.swift */ = {isa = PBXFileReference; lastKnownFileType = sourcecode.swift; path = AppDelegate.swift; sourceTree = "<group>"; };
		077D0C912AAC3FE900594A0A /* SceneDelegate.swift */ = {isa = PBXFileReference; lastKnownFileType = sourcecode.swift; path = SceneDelegate.swift; sourceTree = "<group>"; };
		077D0C932AAC3FE900594A0A /* ViewController.swift */ = {isa = PBXFileReference; lastKnownFileType = sourcecode.swift; path = ViewController.swift; sourceTree = "<group>"; };
		077D0C962AAC3FE900594A0A /* Base */ = {isa = PBXFileReference; lastKnownFileType = file.storyboard; name = Base; path = Base.lproj/Main.storyboard; sourceTree = "<group>"; };
		077D0C982AAC3FEA00594A0A /* Assets.xcassets */ = {isa = PBXFileReference; lastKnownFileType = folder.assetcatalog; path = Assets.xcassets; sourceTree = "<group>"; };
		077D0C9B2AAC3FEA00594A0A /* Base */ = {isa = PBXFileReference; lastKnownFileType = file.storyboard; name = Base; path = Base.lproj/LaunchScreen.storyboard; sourceTree = "<group>"; };
		077D0C9D2AAC3FEA00594A0A /* Info.plist */ = {isa = PBXFileReference; lastKnownFileType = text.plist.xml; path = Info.plist; sourceTree = "<group>"; };
		077D0CB22AAC463B00594A0A /* uchidenokoduchi_eto01_nedumi.png */ = {isa = PBXFileReference; lastKnownFileType = image.png; path = uchidenokoduchi_eto01_nedumi.png; sourceTree = "<group>"; };
		077D0CB42AAC4A9F00594A0A /* GoogleService-Info.plist */ = {isa = PBXFileReference; fileEncoding = 4; lastKnownFileType = text.plist.xml; path = "GoogleService-Info.plist"; sourceTree = "<group>"; };
		426457D74299B2E74C03BDEA /* Pods-ieie.release.xcconfig */ = {isa = PBXFileReference; includeInIndex = 1; lastKnownFileType = text.xcconfig; name = "Pods-ieie.release.xcconfig"; path = "Target Support Files/Pods-ieie/Pods-ieie.release.xcconfig"; sourceTree = "<group>"; };
		6F917B4C72023FB6EAA77D57 /* Pods_ieie.framework */ = {isa = PBXFileReference; explicitFileType = wrapper.framework; includeInIndex = 0; path = Pods_ieie.framework; sourceTree = BUILT_PRODUCTS_DIR; };
		86FA9309CCDE8492C7942D46 /* Pods-ieie.debug.xcconfig */ = {isa = PBXFileReference; includeInIndex = 1; lastKnownFileType = text.xcconfig; name = "Pods-ieie.debug.xcconfig"; path = "Target Support Files/Pods-ieie/Pods-ieie.debug.xcconfig"; sourceTree = "<group>"; };
/* End PBXFileReference section */

/* Begin PBXFrameworksBuildPhase section */
		077D0C892AAC3FE900594A0A /* Frameworks */ = {
			isa = PBXFrameworksBuildPhase;
			buildActionMask = 2147483647;
			files = (
				077D0CAB2AAC419900594A0A /* FirebaseDatabaseSwift in Frameworks */,
				077D0CA92AAC419900594A0A /* FirebaseDatabase in Frameworks */,
				077D0CA52AAC419900594A0A /* FirebaseAuth in Frameworks */,
				077D0CAF2AAC419900594A0A /* FirebaseFirestoreCombine-Community in Frameworks */,
				077D0CB12AAC419900594A0A /* FirebaseStorage in Frameworks */,
				077D0CAD2AAC419900594A0A /* FirebaseFirestore in Frameworks */,
				077D0CA72AAC419900594A0A /* FirebaseAuthCombine-Community in Frameworks */,
				D375E69E7C1B64D9748C32E8 /* Pods_ieie.framework in Frameworks */,
			);
			runOnlyForDeploymentPostprocessing = 0;
		};
/* End PBXFrameworksBuildPhase section */

/* Begin PBXGroup section */
		077D0C832AAC3FE900594A0A = {
			isa = PBXGroup;
			children = (
				077D0C8E2AAC3FE900594A0A /* ieie */,
				077D0C8D2AAC3FE900594A0A /* Products */,
				D641E59C89F3638122E29F45 /* Pods */,
				7D0F263F80E65B9743A1BA9D /* Frameworks */,
			);
			sourceTree = "<group>";
		};
		077D0C8D2AAC3FE900594A0A /* Products */ = {
			isa = PBXGroup;
			children = (
				077D0C8C2AAC3FE900594A0A /* ieie.app */,
			);
			name = Products;
			sourceTree = "<group>";
		};
		077D0C8E2AAC3FE900594A0A /* ieie */ = {
			isa = PBXGroup;
			children = (
				077D0C8F2AAC3FE900594A0A /* AppDelegate.swift */,
				077D0C912AAC3FE900594A0A /* SceneDelegate.swift */,
				077D0C932AAC3FE900594A0A /* ViewController.swift */,
				077D0C952AAC3FE900594A0A /* Main.storyboard */,
				077D0C982AAC3FEA00594A0A /* Assets.xcassets */,
				077D0CB22AAC463B00594A0A /* uchidenokoduchi_eto01_nedumi.png */,
				077D0C9A2AAC3FEA00594A0A /* LaunchScreen.storyboard */,
				077D0CB42AAC4A9F00594A0A /* GoogleService-Info.plist */,
				077D0C9D2AAC3FEA00594A0A /* Info.plist */,
			);
			path = ieie;
			sourceTree = "<group>";
		};
		7D0F263F80E65B9743A1BA9D /* Frameworks */ = {
			isa = PBXGroup;
			children = (
				6F917B4C72023FB6EAA77D57 /* Pods_ieie.framework */,
			);
			name = Frameworks;
			sourceTree = "<group>";
		};
		D641E59C89F3638122E29F45 /* Pods */ = {
			isa = PBXGroup;
			children = (
				86FA9309CCDE8492C7942D46 /* Pods-ieie.debug.xcconfig */,
				426457D74299B2E74C03BDEA /* Pods-ieie.release.xcconfig */,
			);
			path = Pods;
			sourceTree = "<group>";
		};
/* End PBXGroup section */

/* Begin PBXNativeTarget section */
		077D0C8B2AAC3FE900594A0A /* ieie */ = {
			isa = PBXNativeTarget;
			buildConfigurationList = 077D0CA02AAC3FEA00594A0A /* Build configuration list for PBXNativeTarget "ieie" */;
			buildPhases = (
				DC881D2DF10AC02F609C6BB0 /* [CP] Check Pods Manifest.lock */,
				077D0C882AAC3FE900594A0A /* Sources */,
				077D0C892AAC3FE900594A0A /* Frameworks */,
				077D0C8A2AAC3FE900594A0A /* Resources */,
				91EC538C35F8881221A2F12E /* [CP] Embed Pods Frameworks */,
			);
			buildRules = (
			);
			dependencies = (
			);
			name = ieie;
			packageProductDependencies = (
				077D0CA42AAC419900594A0A /* FirebaseAuth */,
				077D0CA62AAC419900594A0A /* FirebaseAuthCombine-Community */,
				077D0CA82AAC419900594A0A /* FirebaseDatabase */,
				077D0CAA2AAC419900594A0A /* FirebaseDatabaseSwift */,
				077D0CAC2AAC419900594A0A /* FirebaseFirestore */,
				077D0CAE2AAC419900594A0A /* FirebaseFirestoreCombine-Community */,
				077D0CB02AAC419900594A0A /* FirebaseStorage */,
			);
			productName = ieie;
			productReference = 077D0C8C2AAC3FE900594A0A /* ieie.app */;
			productType = "com.apple.product-type.application";
		};
/* End PBXNativeTarget section */

/* Begin PBXProject section */
		077D0C842AAC3FE900594A0A /* Project object */ = {
			isa = PBXProject;
			attributes = {
				BuildIndependentTargetsInParallel = 1;
				LastSwiftUpdateCheck = 1430;
				LastUpgradeCheck = 1430;
				TargetAttributes = {
					077D0C8B2AAC3FE900594A0A = {
						CreatedOnToolsVersion = 14.3.1;
					};
				};
			};
			buildConfigurationList = 077D0C872AAC3FE900594A0A /* Build configuration list for PBXProject "ieie" */;
			compatibilityVersion = "Xcode 14.0";
			developmentRegion = en;
			hasScannedForEncodings = 0;
			knownRegions = (
				en,
				Base,
			);
			mainGroup = 077D0C832AAC3FE900594A0A;
			packageReferences = (
				077D0CA32AAC419900594A0A /* XCRemoteSwiftPackageReference "firebase-ios-sdk" */,
			);
			productRefGroup = 077D0C8D2AAC3FE900594A0A /* Products */;
			projectDirPath = "";
			projectRoot = "";
			targets = (
				077D0C8B2AAC3FE900594A0A /* ieie */,
			);
		};
/* End PBXProject section */

/* Begin PBXResourcesBuildPhase section */
		077D0C8A2AAC3FE900594A0A /* Resources */ = {
			isa = PBXResourcesBuildPhase;
			buildActionMask = 2147483647;
			files = (
				077D0CB32AAC463B00594A0A /* uchidenokoduchi_eto01_nedumi.png in Resources */,
				077D0C9C2AAC3FEA00594A0A /* LaunchScreen.storyboard in Resources */,
				077D0CB52AAC4AA000594A0A /* GoogleService-Info.plist in Resources */,
				077D0C992AAC3FEA00594A0A /* Assets.xcassets in Resources */,
				077D0C972AAC3FE900594A0A /* Main.storyboard in Resources */,
			);
			runOnlyForDeploymentPostprocessing = 0;
		};
/* End PBXResourcesBuildPhase section */

/* Begin PBXShellScriptBuildPhase section */
		91EC538C35F8881221A2F12E /* [CP] Embed Pods Frameworks */ = {
			isa = PBXShellScriptBuildPhase;
			buildActionMask = 2147483647;
			files = (
			);
			inputFileListPaths = (
				"${PODS_ROOT}/Target Support Files/Pods-ieie/Pods-ieie-frameworks-${CONFIGURATION}-input-files.xcfilelist",
			);
			name = "[CP] Embed Pods Frameworks";
			outputFileListPaths = (
				"${PODS_ROOT}/Target Support Files/Pods-ieie/Pods-ieie-frameworks-${CONFIGURATION}-output-files.xcfilelist",
			);
			runOnlyForDeploymentPostprocessing = 0;
			shellPath = /bin/sh;
			shellScript = "\"${PODS_ROOT}/Target Support Files/Pods-ieie/Pods-ieie-frameworks.sh\"\n";
			showEnvVarsInLog = 0;
		};
		DC881D2DF10AC02F609C6BB0 /* [CP] Check Pods Manifest.lock */ = {
			isa = PBXShellScriptBuildPhase;
			buildActionMask = 2147483647;
			files = (
			);
			inputFileListPaths = (
			);
			inputPaths = (
				"${PODS_PODFILE_DIR_PATH}/Podfile.lock",
				"${PODS_ROOT}/Manifest.lock",
			);
			name = "[CP] Check Pods Manifest.lock";
			outputFileListPaths = (
			);
			outputPaths = (
				"$(DERIVED_FILE_DIR)/Pods-ieie-checkManifestLockResult.txt",
			);
			runOnlyForDeploymentPostprocessing = 0;
			shellPath = /bin/sh;
			shellScript = "diff \"${PODS_PODFILE_DIR_PATH}/Podfile.lock\" \"${PODS_ROOT}/Manifest.lock\" > /dev/null\nif [ $? != 0 ] ; then\n    # print error to STDERR\n    echo \"error: The sandbox is not in sync with the Podfile.lock. Run 'pod install' or update your CocoaPods installation.\" >&2\n    exit 1\nfi\n# This output is used by Xcode 'outputs' to avoid re-running this script phase.\necho \"SUCCESS\" > \"${SCRIPT_OUTPUT_FILE_0}\"\n";
			showEnvVarsInLog = 0;
		};
/* End PBXShellScriptBuildPhase section */

/* Begin PBXSourcesBuildPhase section */
		077D0C882AAC3FE900594A0A /* Sources */ = {
			isa = PBXSourcesBuildPhase;
			buildActionMask = 2147483647;
			files = (
				077D0C942AAC3FE900594A0A /* ViewController.swift in Sources */,
				077D0C902AAC3FE900594A0A /* AppDelegate.swift in Sources */,
				077D0C922AAC3FE900594A0A /* SceneDelegate.swift in Sources */,
			);
			runOnlyForDeploymentPostprocessing = 0;
		};
/* End PBXSourcesBuildPhase section */

/* Begin PBXVariantGroup section */
		077D0C952AAC3FE900594A0A /* Main.storyboard */ = {
			isa = PBXVariantGroup;
			children = (
				077D0C962AAC3FE900594A0A /* Base */,
			);
			name = Main.storyboard;
			sourceTree = "<group>";
		};
		077D0C9A2AAC3FEA00594A0A /* LaunchScreen.storyboard */ = {
			isa = PBXVariantGroup;
			children = (
				077D0C9B2AAC3FEA00594A0A /* Base */,
			);
			name = LaunchScreen.storyboard;
			sourceTree = "<group>";
		};
/* End PBXVariantGroup section */

/* Begin XCBuildConfiguration section */
		077D0C9E2AAC3FEA00594A0A /* Debug */ = {
			isa = XCBuildConfiguration;
			buildSettings = {
				ALWAYS_SEARCH_USER_PATHS = NO;
				CLANG_ANALYZER_NONNULL = YES;
				CLANG_ANALYZER_NUMBER_OBJECT_CONVERSION = YES_AGGRESSIVE;
				CLANG_CXX_LANGUAGE_STANDARD = "gnu++20";
				CLANG_ENABLE_MODULES = YES;
				CLANG_ENABLE_OBJC_ARC = YES;
				CLANG_ENABLE_OBJC_WEAK = YES;
				CLANG_WARN_BLOCK_CAPTURE_AUTORELEASING = YES;
				CLANG_WARN_BOOL_CONVERSION = YES;
				CLANG_WARN_COMMA = YES;
				CLANG_WARN_CONSTANT_CONVERSION = YES;
				CLANG_WARN_DEPRECATED_OBJC_IMPLEMENTATIONS = YES;
				CLANG_WARN_DIRECT_OBJC_ISA_USAGE = YES_ERROR;
				CLANG_WARN_DOCUMENTATION_COMMENTS = YES;
				CLANG_WARN_EMPTY_BODY = YES;
				CLANG_WARN_ENUM_CONVERSION = YES;
				CLANG_WARN_INFINITE_RECURSION = YES;
				CLANG_WARN_INT_CONVERSION = YES;
				CLANG_WARN_NON_LITERAL_NULL_CONVERSION = YES;
				CLANG_WARN_OBJC_IMPLICIT_RETAIN_SELF = YES;
				CLANG_WARN_OBJC_LITERAL_CONVERSION = YES;
				CLANG_WARN_OBJC_ROOT_CLASS = YES_ERROR;
				CLANG_WARN_QUOTED_INCLUDE_IN_FRAMEWORK_HEADER = YES;
				CLANG_WARN_RANGE_LOOP_ANALYSIS = YES;
				CLANG_WARN_STRICT_PROTOTYPES = YES;
				CLANG_WARN_SUSPICIOUS_MOVE = YES;
				CLANG_WARN_UNGUARDED_AVAILABILITY = YES_AGGRESSIVE;
				CLANG_WARN_UNREACHABLE_CODE = YES;
				CLANG_WARN__DUPLICATE_METHOD_MATCH = YES;
				COPY_PHASE_STRIP = NO;
				DEBUG_INFORMATION_FORMAT = dwarf;
				ENABLE_STRICT_OBJC_MSGSEND = YES;
				ENABLE_TESTABILITY = YES;
				GCC_C_LANGUAGE_STANDARD = gnu11;
				GCC_DYNAMIC_NO_PIC = NO;
				GCC_NO_COMMON_BLOCKS = YES;
				GCC_OPTIMIZATION_LEVEL = 0;
				GCC_PREPROCESSOR_DEFINITIONS = (
					"DEBUG=1",
					"$(inherited)",
				);
				GCC_WARN_64_TO_32_BIT_CONVERSION = YES;
				GCC_WARN_ABOUT_RETURN_TYPE = YES_ERROR;
				GCC_WARN_UNDECLARED_SELECTOR = YES;
				GCC_WARN_UNINITIALIZED_AUTOS = YES_AGGRESSIVE;
				GCC_WARN_UNUSED_FUNCTION = YES;
				GCC_WARN_UNUSED_VARIABLE = YES;
				IPHONEOS_DEPLOYMENT_TARGET = 16.4;
				MTL_ENABLE_DEBUG_INFO = INCLUDE_SOURCE;
				MTL_FAST_MATH = YES;
				ONLY_ACTIVE_ARCH = YES;
				SDKROOT = iphoneos;
				SWIFT_ACTIVE_COMPILATION_CONDITIONS = DEBUG;
				SWIFT_OPTIMIZATION_LEVEL = "-Onone";
			};
			name = Debug;
		};
		077D0C9F2AAC3FEA00594A0A /* Release */ = {
			isa = XCBuildConfiguration;
			buildSettings = {
				ALWAYS_SEARCH_USER_PATHS = NO;
				CLANG_ANALYZER_NONNULL = YES;
				CLANG_ANALYZER_NUMBER_OBJECT_CONVERSION = YES_AGGRESSIVE;
				CLANG_CXX_LANGUAGE_STANDARD = "gnu++20";
				CLANG_ENABLE_MODULES = YES;
				CLANG_ENABLE_OBJC_ARC = YES;
				CLANG_ENABLE_OBJC_WEAK = YES;
				CLANG_WARN_BLOCK_CAPTURE_AUTORELEASING = YES;
				CLANG_WARN_BOOL_CONVERSION = YES;
				CLANG_WARN_COMMA = YES;
				CLANG_WARN_CONSTANT_CONVERSION = YES;
				CLANG_WARN_DEPRECATED_OBJC_IMPLEMENTATIONS = YES;
				CLANG_WARN_DIRECT_OBJC_ISA_USAGE = YES_ERROR;
				CLANG_WARN_DOCUMENTATION_COMMENTS = YES;
				CLANG_WARN_EMPTY_BODY = YES;
				CLANG_WARN_ENUM_CONVERSION = YES;
				CLANG_WARN_INFINITE_RECURSION = YES;
				CLANG_WARN_INT_CONVERSION = YES;
				CLANG_WARN_NON_LITERAL_NULL_CONVERSION = YES;
				CLANG_WARN_OBJC_IMPLICIT_RETAIN_SELF = YES;
				CLANG_WARN_OBJC_LITERAL_CONVERSION = YES;
				CLANG_WARN_OBJC_ROOT_CLASS = YES_ERROR;
				CLANG_WARN_QUOTED_INCLUDE_IN_FRAMEWORK_HEADER = YES;
				CLANG_WARN_RANGE_LOOP_ANALYSIS = YES;
				CLANG_WARN_STRICT_PROTOTYPES = YES;
				CLANG_WARN_SUSPICIOUS_MOVE = YES;
				CLANG_WARN_UNGUARDED_AVAILABILITY = YES_AGGRESSIVE;
				CLANG_WARN_UNREACHABLE_CODE = YES;
				CLANG_WARN__DUPLICATE_METHOD_MATCH = YES;
				COPY_PHASE_STRIP = NO;
				DEBUG_INFORMATION_FORMAT = "dwarf-with-dsym";
				ENABLE_NS_ASSERTIONS = NO;
				ENABLE_STRICT_OBJC_MSGSEND = YES;
				GCC_C_LANGUAGE_STANDARD = gnu11;
				GCC_NO_COMMON_BLOCKS = YES;
				GCC_WARN_64_TO_32_BIT_CONVERSION = YES;
				GCC_WARN_ABOUT_RETURN_TYPE = YES_ERROR;
				GCC_WARN_UNDECLARED_SELECTOR = YES;
				GCC_WARN_UNINITIALIZED_AUTOS = YES_AGGRESSIVE;
				GCC_WARN_UNUSED_FUNCTION = YES;
				GCC_WARN_UNUSED_VARIABLE = YES;
				IPHONEOS_DEPLOYMENT_TARGET = 16.4;
				MTL_ENABLE_DEBUG_INFO = NO;
				MTL_FAST_MATH = YES;
				SDKROOT = iphoneos;
				SWIFT_COMPILATION_MODE = wholemodule;
				SWIFT_OPTIMIZATION_LEVEL = "-O";
				VALIDATE_PRODUCT = YES;
			};
			name = Release;
		};
		077D0CA12AAC3FEA00594A0A /* Debug */ = {
			isa = XCBuildConfiguration;
			baseConfigurationReference = 86FA9309CCDE8492C7942D46 /* Pods-ieie.debug.xcconfig */;
			buildSettings = {
				ASSETCATALOG_COMPILER_APPICON_NAME = AppIcon;
				ASSETCATALOG_COMPILER_GLOBAL_ACCENT_COLOR_NAME = AccentColor;
				CODE_SIGN_STYLE = Automatic;
				CURRENT_PROJECT_VERSION = 1;
				DEVELOPMENT_TEAM = 6HAX59SDVY;
				GENERATE_INFOPLIST_FILE = YES;
				INFOPLIST_FILE = ieie/Info.plist;
				INFOPLIST_KEY_UIApplicationSupportsIndirectInputEvents = YES;
				INFOPLIST_KEY_UILaunchStoryboardName = LaunchScreen;
				INFOPLIST_KEY_UIMainStoryboardFile = Main;
				INFOPLIST_KEY_UISupportedInterfaceOrientations_iPad = "UIInterfaceOrientationPortrait UIInterfaceOrientationPortraitUpsideDown UIInterfaceOrientationLandscapeLeft UIInterfaceOrientationLandscapeRight";
				INFOPLIST_KEY_UISupportedInterfaceOrientations_iPhone = "UIInterfaceOrientationPortrait UIInterfaceOrientationLandscapeLeft UIInterfaceOrientationLandscapeRight";
				LD_RUNPATH_SEARCH_PATHS = (
					"$(inherited)",
					"@executable_path/Frameworks",
				);
				MARKETING_VERSION = 1.0;
				PRODUCT_BUNDLE_IDENTIFIER = com.fumiya.ieie;
				PRODUCT_NAME = "$(TARGET_NAME)";
				SWIFT_EMIT_LOC_STRINGS = YES;
				SWIFT_VERSION = 5.0;
				TARGETED_DEVICE_FAMILY = "1,2";
			};
			name = Debug;
		};
		077D0CA22AAC3FEA00594A0A /* Release */ = {
			isa = XCBuildConfiguration;
			baseConfigurationReference = 426457D74299B2E74C03BDEA /* Pods-ieie.release.xcconfig */;
			buildSettings = {
				ASSETCATALOG_COMPILER_APPICON_NAME = AppIcon;
				ASSETCATALOG_COMPILER_GLOBAL_ACCENT_COLOR_NAME = AccentColor;
				CODE_SIGN_STYLE = Automatic;
				CURRENT_PROJECT_VERSION = 1;
				DEVELOPMENT_TEAM = 6HAX59SDVY;
				GENERATE_INFOPLIST_FILE = YES;
				INFOPLIST_FILE = ieie/Info.plist;
				INFOPLIST_KEY_UIApplicationSupportsIndirectInputEvents = YES;
				INFOPLIST_KEY_UILaunchStoryboardName = LaunchScreen;
				INFOPLIST_KEY_UIMainStoryboardFile = Main;
				INFOPLIST_KEY_UISupportedInterfaceOrientations_iPad = "UIInterfaceOrientationPortrait UIInterfaceOrientationPortraitUpsideDown UIInterfaceOrientationLandscapeLeft UIInterfaceOrientationLandscapeRight";
				INFOPLIST_KEY_UISupportedInterfaceOrientations_iPhone = "UIInterfaceOrientationPortrait UIInterfaceOrientationLandscapeLeft UIInterfaceOrientationLandscapeRight";
				LD_RUNPATH_SEARCH_PATHS = (
					"$(inherited)",
					"@executable_path/Frameworks",
				);
				MARKETING_VERSION = 1.0;
				PRODUCT_BUNDLE_IDENTIFIER = com.fumiya.ieie;
				PRODUCT_NAME = "$(TARGET_NAME)";
				SWIFT_EMIT_LOC_STRINGS = YES;
				SWIFT_VERSION = 5.0;
				TARGETED_DEVICE_FAMILY = "1,2";
			};
			name = Release;
		};
/* End XCBuildConfiguration section */

/* Begin XCConfigurationList section */
		077D0C872AAC3FE900594A0A /* Build configuration list for PBXProject "ieie" */ = {
			isa = XCConfigurationList;
			buildConfigurations = (
				077D0C9E2AAC3FEA00594A0A /* Debug */,
				077D0C9F2AAC3FEA00594A0A /* Release */,
			);
			defaultConfigurationIsVisible = 0;
			defaultConfigurationName = Release;
		};
		077D0CA02AAC3FEA00594A0A /* Build configuration list for PBXNativeTarget "ieie" */ = {
			isa = XCConfigurationList;
			buildConfigurations = (
				077D0CA12AAC3FEA00594A0A /* Debug */,
				077D0CA22AAC3FEA00594A0A /* Release */,
			);
			defaultConfigurationIsVisible = 0;
			defaultConfigurationName = Release;
		};
/* End XCConfigurationList section */

/* Begin XCRemoteSwiftPackageReference section */
		077D0CA32AAC419900594A0A /* XCRemoteSwiftPackageReference "firebase-ios-sdk" */ = {
			isa = XCRemoteSwiftPackageReference;
			repositoryURL = "https://github.com/firebase/firebase-ios-sdk.git";
			requirement = {
				kind = upToNextMajorVersion;
				minimumVersion = 10.0.0;
			};
		};
/* End XCRemoteSwiftPackageReference section */

/* Begin XCSwiftPackageProductDependency section */
		077D0CA42AAC419900594A0A /* FirebaseAuth */ = {
			isa = XCSwiftPackageProductDependency;
			package = 077D0CA32AAC419900594A0A /* XCRemoteSwiftPackageReference "firebase-ios-sdk" */;
			productName = FirebaseAuth;
		};
		077D0CA62AAC419900594A0A /* FirebaseAuthCombine-Community */ = {
			isa = XCSwiftPackageProductDependency;
			package = 077D0CA32AAC419900594A0A /* XCRemoteSwiftPackageReference "firebase-ios-sdk" */;
			productName = "FirebaseAuthCombine-Community";
		};
		077D0CA82AAC419900594A0A /* FirebaseDatabase */ = {
			isa = XCSwiftPackageProductDependency;
			package = 077D0CA32AAC419900594A0A /* XCRemoteSwiftPackageReference "firebase-ios-sdk" */;
			productName = FirebaseDatabase;
		};
		077D0CAA2AAC419900594A0A /* FirebaseDatabaseSwift */ = {
			isa = XCSwiftPackageProductDependency;
			package = 077D0CA32AAC419900594A0A /* XCRemoteSwiftPackageReference "firebase-ios-sdk" */;
			productName = FirebaseDatabaseSwift;
		};
		077D0CAC2AAC419900594A0A /* FirebaseFirestore */ = {
			isa = XCSwiftPackageProductDependency;
			package = 077D0CA32AAC419900594A0A /* XCRemoteSwiftPackageReference "firebase-ios-sdk" */;
			productName = FirebaseFirestore;
		};
		077D0CAE2AAC419900594A0A /* FirebaseFirestoreCombine-Community */ = {
			isa = XCSwiftPackageProductDependency;
			package = 077D0CA32AAC419900594A0A /* XCRemoteSwiftPackageReference "firebase-ios-sdk" */;
			productName = "FirebaseFirestoreCombine-Community";
		};
		077D0CB02AAC419900594A0A /* FirebaseStorage */ = {
			isa = XCSwiftPackageProductDependency;
			package = 077D0CA32AAC419900594A0A /* XCRemoteSwiftPackageReference "firebase-ios-sdk" */;
			productName = FirebaseStorage;
		};
/* End XCSwiftPackageProductDependency section */
	};
	rootObject = 077D0C842AAC3FE900594A0A /* Project object */;
}
